
Microsoft Visual Studio Solution File, Format Version 12.00
# Visual Studio 15
VisualStudioVersion = 15.0.28307.902
MinimumVisualStudioVersion = 10.0.40219.1
Project("{FAE04EC0-301F-11D3-BF4B-00C04F79EFBC}") = "ToDoApi", "ToDoApi\ToDoApi.csproj", "{2D647B58-32B3-4BFF-8513-B5F8BE7F4699}"
EndProject
Global
	GlobalSection(SolutionConfigurationPlatforms) = preSolution
		Debug|Any CPU = Debug|Any CPU
		Release|Any CPU = Release|Any CPU
	EndGlobalSection
	GlobalSection(ProjectConfigurationPlatforms) = postSolution
		{2D647B58-32B3-4BFF-8513-B5F8BE7F4699}.Debug|Any CPU.ActiveCfg = Debug|Any CPU
		{2D647B58-32B3-4BFF-8513-B5F8BE7F4699}.Debug|Any CPU.Build.0 = Debug|Any CPU
		{2D647B58-32B3-4BFF-8513-B5F8BE7F4699}.Release|Any CPU.ActiveCfg = Release|Any CPU
		{2D647B58-32B3-4BFF-8513-B5F8BE7F4699}.Release|Any CPU.Build.0 = Release|Any CPU
	EndGlobalSection
	GlobalSection(SolutionProperties) = preSolution
		HideSolutionNode = FALSE
	EndGlobalSection
	GlobalSection(ExtensibilityGlobals) = postSolution
		SolutionGuid = {D211D977-196B-4BEB-90AC-2973BA4D049B}
	EndGlobalSection
EndGlobal
